// !$*UTF8*$!
{
	archiveVersion = 1;
	classes = {
	};
	objectVersion = 55;
	objects = {

/* Begin PBXBuildFile section */
		C45D58AC27F8984D0089E434 /* UIView+Ext.swift in Sources */ = {isa = PBXBuildFile; fileRef = C45D58AB27F8984D0089E434 /* UIView+Ext.swift */; };
		C45D58AE27F90F290089E434 /* APICaller.swift in Sources */ = {isa = PBXBuildFile; fileRef = C45D58AD27F90F290089E434 /* APICaller.swift */; };
		C45D58B027FCD29E0089E434 /* Title.swift in Sources */ = {isa = PBXBuildFile; fileRef = C45D58AF27FCD29E0089E434 /* Title.swift */; };
		C45D58B227FCD9460089E434 /* String+Ext.swift in Sources */ = {isa = PBXBuildFile; fileRef = C45D58B127FCD9460089E434 /* String+Ext.swift */; };
		C45D58B6280202E40089E434 /* TitleCollectionViewCell.swift in Sources */ = {isa = PBXBuildFile; fileRef = C45D58B5280202E40089E434 /* TitleCollectionViewCell.swift */; };
		C48F54C02802151600AF9CAD /* SDWebImage in Frameworks */ = {isa = PBXBuildFile; productRef = C48F54BF2802151600AF9CAD /* SDWebImage */; };
		C48F54C22802151600AF9CAD /* SDWebImageMapKit in Frameworks */ = {isa = PBXBuildFile; productRef = C48F54C12802151600AF9CAD /* SDWebImageMapKit */; };
		C48F54C428049B7800AF9CAD /* TitleTableViewCell.swift in Sources */ = {isa = PBXBuildFile; fileRef = C48F54C328049B7800AF9CAD /* TitleTableViewCell.swift */; };
		C48F54C628049FF100AF9CAD /* TitleViewModel.swift in Sources */ = {isa = PBXBuildFile; fileRef = C48F54C528049FF100AF9CAD /* TitleViewModel.swift */; };
		C48F54C82804BCA200AF9CAD /* SearchResultViewController.swift in Sources */ = {isa = PBXBuildFile; fileRef = C48F54C72804BCA200AF9CAD /* SearchResultViewController.swift */; };
		C4F347A027F826E00041B57B /* AppDelegate.swift in Sources */ = {isa = PBXBuildFile; fileRef = C4F3479F27F826E00041B57B /* AppDelegate.swift */; };
		C4F347A227F826E00041B57B /* SceneDelegate.swift in Sources */ = {isa = PBXBuildFile; fileRef = C4F347A127F826E00041B57B /* SceneDelegate.swift */; };
		C4F347A427F826E00041B57B /* MainTabBarViewController.swift in Sources */ = {isa = PBXBuildFile; fileRef = C4F347A327F826E00041B57B /* MainTabBarViewController.swift */; };
		C4F347A927F826E20041B57B /* Assets.xcassets in Resources */ = {isa = PBXBuildFile; fileRef = C4F347A827F826E20041B57B /* Assets.xcassets */; };
		C4F347AC27F826E20041B57B /* LaunchScreen.storyboard in Resources */ = {isa = PBXBuildFile; fileRef = C4F347AA27F826E20041B57B /* LaunchScreen.storyboard */; };
		C4F347B527F82C6C0041B57B /* HomeViewController.swift in Sources */ = {isa = PBXBuildFile; fileRef = C4F347B427F82C6C0041B57B /* HomeViewController.swift */; };
		C4F347B727F82CFC0041B57B /* UpcomingViewController.swift in Sources */ = {isa = PBXBuildFile; fileRef = C4F347B627F82CFC0041B57B /* UpcomingViewController.swift */; };
		C4F347B927F82D330041B57B /* SearchViewController.swift in Sources */ = {isa = PBXBuildFile; fileRef = C4F347B827F82D330041B57B /* SearchViewController.swift */; };
		C4F347BB27F82D680041B57B /* DownloadsViewController.swift in Sources */ = {isa = PBXBuildFile; fileRef = C4F347BA27F82D680041B57B /* DownloadsViewController.swift */; };
		C4F347C227F844BF0041B57B /* CollectionViewTableViewCell.swift in Sources */ = {isa = PBXBuildFile; fileRef = C4F347C127F844BF0041B57B /* CollectionViewTableViewCell.swift */; };
		C4F347C427F84DA30041B57B /* HeroHeaderView.swift in Sources */ = {isa = PBXBuildFile; fileRef = C4F347C327F84DA30041B57B /* HeroHeaderView.swift */; };
/* End PBXBuildFile section */

/* Begin PBXFileReference section */
		C45D58AB27F8984D0089E434 /* UIView+Ext.swift */ = {isa = PBXFileReference; lastKnownFileType = sourcecode.swift; path = "UIView+Ext.swift"; sourceTree = "<group>"; };
		C45D58AD27F90F290089E434 /* APICaller.swift */ = {isa = PBXFileReference; lastKnownFileType = sourcecode.swift; path = APICaller.swift; sourceTree = "<group>"; };
		C45D58AF27FCD29E0089E434 /* Title.swift */ = {isa = PBXFileReference; lastKnownFileType = sourcecode.swift; path = Title.swift; sourceTree = "<group>"; };
		C45D58B127FCD9460089E434 /* String+Ext.swift */ = {isa = PBXFileReference; lastKnownFileType = sourcecode.swift; path = "String+Ext.swift"; sourceTree = "<group>"; };
		C45D58B5280202E40089E434 /* TitleCollectionViewCell.swift */ = {isa = PBXFileReference; lastKnownFileType = sourcecode.swift; path = TitleCollectionViewCell.swift; sourceTree = "<group>"; };
		C48F54C328049B7800AF9CAD /* TitleTableViewCell.swift */ = {isa = PBXFileReference; lastKnownFileType = sourcecode.swift; path = TitleTableViewCell.swift; sourceTree = "<group>"; };
		C48F54C528049FF100AF9CAD /* TitleViewModel.swift */ = {isa = PBXFileReference; lastKnownFileType = sourcecode.swift; name = TitleViewModel.swift; path = Netflix/Views/TitleViewModel.swift; sourceTree = SOURCE_ROOT; };
		C48F54C72804BCA200AF9CAD /* SearchResultViewController.swift */ = {isa = PBXFileReference; lastKnownFileType = sourcecode.swift; path = SearchResultViewController.swift; sourceTree = "<group>"; };
		C4F3479C27F826E00041B57B /* Netflix.app */ = {isa = PBXFileReference; explicitFileType = wrapper.application; includeInIndex = 0; path = Netflix.app; sourceTree = BUILT_PRODUCTS_DIR; };
		C4F3479F27F826E00041B57B /* AppDelegate.swift */ = {isa = PBXFileReference; lastKnownFileType = sourcecode.swift; path = AppDelegate.swift; sourceTree = "<group>"; };
		C4F347A127F826E00041B57B /* SceneDelegate.swift */ = {isa = PBXFileReference; lastKnownFileType = sourcecode.swift; path = SceneDelegate.swift; sourceTree = "<group>"; };
		C4F347A327F826E00041B57B /* MainTabBarViewController.swift */ = {isa = PBXFileReference; lastKnownFileType = sourcecode.swift; path = MainTabBarViewController.swift; sourceTree = "<group>"; };
		C4F347A827F826E20041B57B /* Assets.xcassets */ = {isa = PBXFileReference; lastKnownFileType = folder.assetcatalog; path = Assets.xcassets; sourceTree = "<group>"; };
		C4F347AB27F826E20041B57B /* Base */ = {isa = PBXFileReference; lastKnownFileType = file.storyboard; name = Base; path = Base.lproj/LaunchScreen.storyboard; sourceTree = "<group>"; };
		C4F347AD27F826E20041B57B /* Info.plist */ = {isa = PBXFileReference; lastKnownFileType = text.plist.xml; path = Info.plist; sourceTree = "<group>"; };
		C4F347B427F82C6C0041B57B /* HomeViewController.swift */ = {isa = PBXFileReference; lastKnownFileType = sourcecode.swift; path = HomeViewController.swift; sourceTree = "<group>"; };
		C4F347B627F82CFC0041B57B /* UpcomingViewController.swift */ = {isa = PBXFileReference; lastKnownFileType = sourcecode.swift; path = UpcomingViewController.swift; sourceTree = "<group>"; };
		C4F347B827F82D330041B57B /* SearchViewController.swift */ = {isa = PBXFileReference; lastKnownFileType = sourcecode.swift; path = SearchViewController.swift; sourceTree = "<group>"; };
		C4F347BA27F82D680041B57B /* DownloadsViewController.swift */ = {isa = PBXFileReference; lastKnownFileType = sourcecode.swift; path = DownloadsViewController.swift; sourceTree = "<group>"; };
		C4F347C127F844BF0041B57B /* CollectionViewTableViewCell.swift */ = {isa = PBXFileReference; lastKnownFileType = sourcecode.swift; path = CollectionViewTableViewCell.swift; sourceTree = "<group>"; };
		C4F347C327F84DA30041B57B /* HeroHeaderView.swift */ = {isa = PBXFileReference; lastKnownFileType = sourcecode.swift; path = HeroHeaderView.swift; sourceTree = "<group>"; };
/* End PBXFileReference section */

/* Begin PBXFrameworksBuildPhase section */
		C4F3479927F826E00041B57B /* Frameworks */ = {
			isa = PBXFrameworksBuildPhase;
			buildActionMask = 2147483647;
			files = (
				C48F54C22802151600AF9CAD /* SDWebImageMapKit in Frameworks */,
				C48F54C02802151600AF9CAD /* SDWebImage in Frameworks */,
			);
			runOnlyForDeploymentPostprocessing = 0;
		};
/* End PBXFrameworksBuildPhase section */

/* Begin PBXGroup section */
		C45D58AA27F898390089E434 /* Extensions */ = {
			isa = PBXGroup;
			children = (
				C45D58AB27F8984D0089E434 /* UIView+Ext.swift */,
				C45D58B127FCD9460089E434 /* String+Ext.swift */,
			);
			path = Extensions;
			sourceTree = "<group>";
		};
		C48F54C92804BCDD00AF9CAD /* Core */ = {
			isa = PBXGroup;
			children = (
				C4F347A327F826E00041B57B /* MainTabBarViewController.swift */,
				C4F347B427F82C6C0041B57B /* HomeViewController.swift */,
				C4F347B627F82CFC0041B57B /* UpcomingViewController.swift */,
				C4F347B827F82D330041B57B /* SearchViewController.swift */,
				C4F347BA27F82D680041B57B /* DownloadsViewController.swift */,
			);
			path = Core;
			sourceTree = "<group>";
		};
		C4F3479327F826E00041B57B = {
			isa = PBXGroup;
			children = (
				C4F3479E27F826E00041B57B /* Netflix */,
				C4F3479D27F826E00041B57B /* Products */,
			);
			sourceTree = "<group>";
		};
		C4F3479D27F826E00041B57B /* Products */ = {
			isa = PBXGroup;
			children = (
				C4F3479C27F826E00041B57B /* Netflix.app */,
			);
			name = Products;
			sourceTree = "<group>";
		};
		C4F3479E27F826E00041B57B /* Netflix */ = {
			isa = PBXGroup;
			children = (
				C4F347C027F8446A0041B57B /* Managers */,
				C4F347BF27F844610041B57B /* Resources */,
				C4F347BE27F844230041B57B /* Models */,
				C4F347BC27F843FA0041B57B /* Views */,
				C4F347BD27F844090041B57B /* ViewModels */,
				C4F347B327F82C5C0041B57B /* Controllers */,
				C4F3479F27F826E00041B57B /* AppDelegate.swift */,
				C4F347A127F826E00041B57B /* SceneDelegate.swift */,
				C4F347A827F826E20041B57B /* Assets.xcassets */,
				C4F347AA27F826E20041B57B /* LaunchScreen.storyboard */,
				C4F347AD27F826E20041B57B /* Info.plist */,
			);
			path = Netflix;
			sourceTree = "<group>";
		};
		C4F347B327F82C5C0041B57B /* Controllers */ = {
			isa = PBXGroup;
			children = (
				C48F54C92804BCDD00AF9CAD /* Core */,
				C48F54C72804BCA200AF9CAD /* SearchResultViewController.swift */,
			);
			path = Controllers;
			sourceTree = "<group>";
		};
		C4F347BC27F843FA0041B57B /* Views */ = {
			isa = PBXGroup;
			children = (
				C4F347C127F844BF0041B57B /* CollectionViewTableViewCell.swift */,
				C4F347C327F84DA30041B57B /* HeroHeaderView.swift */,
				C45D58B5280202E40089E434 /* TitleCollectionViewCell.swift */,
				C48F54C328049B7800AF9CAD /* TitleTableViewCell.swift */,
			);
			path = Views;
			sourceTree = "<group>";
		};
		C4F347BD27F844090041B57B /* ViewModels */ = {
			isa = PBXGroup;
			children = (
				C48F54C528049FF100AF9CAD /* TitleViewModel.swift */,
			);
			path = ViewModels;
			sourceTree = "<group>";
		};
		C4F347BE27F844230041B57B /* Models */ = {
			isa = PBXGroup;
			children = (
				C45D58AF27FCD29E0089E434 /* Title.swift */,
			);
			path = Models;
			sourceTree = "<group>";
		};
		C4F347BF27F844610041B57B /* Resources */ = {
			isa = PBXGroup;
			children = (
				C45D58AA27F898390089E434 /* Extensions */,
			);
			path = Resources;
			sourceTree = "<group>";
		};
		C4F347C027F8446A0041B57B /* Managers */ = {
			isa = PBXGroup;
			children = (
				C45D58AD27F90F290089E434 /* APICaller.swift */,
			);
			path = Managers;
			sourceTree = "<group>";
		};
/* End PBXGroup section */

/* Begin PBXNativeTarget section */
		C4F3479B27F826E00041B57B /* Netflix */ = {
			isa = PBXNativeTarget;
			buildConfigurationList = C4F347B027F826E20041B57B /* Build configuration list for PBXNativeTarget "Netflix" */;
			buildPhases = (
				C4F3479827F826E00041B57B /* Sources */,
				C4F3479927F826E00041B57B /* Frameworks */,
				C4F3479A27F826E00041B57B /* Resources */,
			);
			buildRules = (
			);
			dependencies = (
			);
			name = Netflix;
			packageProductDependencies = (
				C48F54BF2802151600AF9CAD /* SDWebImage */,
				C48F54C12802151600AF9CAD /* SDWebImageMapKit */,
			);
			productName = Netflix;
			productReference = C4F3479C27F826E00041B57B /* Netflix.app */;
			productType = "com.apple.product-type.application";
		};
/* End PBXNativeTarget section */

/* Begin PBXProject section */
		C4F3479427F826E00041B57B /* Project object */ = {
			isa = PBXProject;
			attributes = {
				BuildIndependentTargetsInParallel = 1;
				LastSwiftUpdateCheck = 1320;
				LastUpgradeCheck = 1320;
				TargetAttributes = {
					C4F3479B27F826E00041B57B = {
						CreatedOnToolsVersion = 13.2.1;
					};
				};
			};
			buildConfigurationList = C4F3479727F826E00041B57B /* Build configuration list for PBXProject "Netflix" */;
			compatibilityVersion = "Xcode 13.0";
			developmentRegion = en;
			hasScannedForEncodings = 0;
			knownRegions = (
				en,
				Base,
			);
			mainGroup = C4F3479327F826E00041B57B;
			packageReferences = (
				C48F54BE2802151600AF9CAD /* XCRemoteSwiftPackageReference "SDWebImage" */,
			);
			productRefGroup = C4F3479D27F826E00041B57B /* Products */;
			projectDirPath = "";
			projectRoot = "";
			targets = (
				C4F3479B27F826E00041B57B /* Netflix */,
			);
		};
/* End PBXProject section */

/* Begin PBXResourcesBuildPhase section */
		C4F3479A27F826E00041B57B /* Resources */ = {
			isa = PBXResourcesBuildPhase;
			buildActionMask = 2147483647;
			files = (
				C4F347AC27F826E20041B57B /* LaunchScreen.storyboard in Resources */,
				C4F347A927F826E20041B57B /* Assets.xcassets in Resources */,
			);
			runOnlyForDeploymentPostprocessing = 0;
		};
/* End PBXResourcesBuildPhase section */

/* Begin PBXSourcesBuildPhase section */
		C4F3479827F826E00041B57B /* Sources */ = {
			isa = PBXSourcesBuildPhase;
			buildActionMask = 2147483647;
			files = (
				C4F347B927F82D330041B57B /* SearchViewController.swift in Sources */,
				C4F347A427F826E00041B57B /* MainTabBarViewController.swift in Sources */,
				C45D58B027FCD29E0089E434 /* Title.swift in Sources */,
				C45D58B227FCD9460089E434 /* String+Ext.swift in Sources */,
				C45D58AC27F8984D0089E434 /* UIView+Ext.swift in Sources */,
				C4F347C227F844BF0041B57B /* CollectionViewTableViewCell.swift in Sources */,
				C4F347BB27F82D680041B57B /* DownloadsViewController.swift in Sources */,
				C45D58B6280202E40089E434 /* TitleCollectionViewCell.swift in Sources */,
				C4F347C427F84DA30041B57B /* HeroHeaderView.swift in Sources */,
				C4F347A027F826E00041B57B /* AppDelegate.swift in Sources */,
				C48F54C428049B7800AF9CAD /* TitleTableViewCell.swift in Sources */,
				C4F347A227F826E00041B57B /* SceneDelegate.swift in Sources */,
				C45D58AE27F90F290089E434 /* APICaller.swift in Sources */,
				C48F54C82804BCA200AF9CAD /* SearchResultViewController.swift in Sources */,
				C48F54C628049FF100AF9CAD /* TitleViewModel.swift in Sources */,
				C4F347B727F82CFC0041B57B /* UpcomingViewController.swift in Sources */,
				C4F347B527F82C6C0041B57B /* HomeViewController.swift in Sources */,
			);
			runOnlyForDeploymentPostprocessing = 0;
		};
/* End PBXSourcesBuildPhase section */

/* Begin PBXVariantGroup section */
		C4F347AA27F826E20041B57B /* LaunchScreen.storyboard */ = {
			isa = PBXVariantGroup;
			children = (
				C4F347AB27F826E20041B57B /* Base */,
			);
			name = LaunchScreen.storyboard;
			sourceTree = "<group>";
		};
/* End PBXVariantGroup section */

/* Begin XCBuildConfiguration section */
		C4F347AE27F826E20041B57B /* Debug */ = {
			isa = XCBuildConfiguration;
			buildSettings = {
				ALWAYS_SEARCH_USER_PATHS = NO;
				CLANG_ANALYZER_NONNULL = YES;
				CLANG_ANALYZER_NUMBER_OBJECT_CONVERSION = YES_AGGRESSIVE;
				CLANG_CXX_LANGUAGE_STANDARD = "gnu++17";
				CLANG_CXX_LIBRARY = "libc++";
				CLANG_ENABLE_MODULES = YES;
				CLANG_ENABLE_OBJC_ARC = YES;
				CLANG_ENABLE_OBJC_WEAK = YES;
				CLANG_WARN_BLOCK_CAPTURE_AUTORELEASING = YES;
				CLANG_WARN_BOOL_CONVERSION = YES;
				CLANG_WARN_COMMA = YES;
				CLANG_WARN_CONSTANT_CONVERSION = YES;
				CLANG_WARN_DEPRECATED_OBJC_IMPLEMENTATIONS = YES;
				CLANG_WARN_DIRECT_OBJC_ISA_USAGE = YES_ERROR;
				CLANG_WARN_DOCUMENTATION_COMMENTS = YES;
				CLANG_WARN_EMPTY_BODY = YES;
				CLANG_WARN_ENUM_CONVERSION = YES;
				CLANG_WARN_INFINITE_RECURSION = YES;
				CLANG_WARN_INT_CONVERSION = YES;
				CLANG_WARN_NON_LITERAL_NULL_CONVERSION = YES;
				CLANG_WARN_OBJC_IMPLICIT_RETAIN_SELF = YES;
				CLANG_WARN_OBJC_LITERAL_CONVERSION = YES;
				CLANG_WARN_OBJC_ROOT_CLASS = YES_ERROR;
				CLANG_WARN_QUOTED_INCLUDE_IN_FRAMEWORK_HEADER = YES;
				CLANG_WARN_RANGE_LOOP_ANALYSIS = YES;
				CLANG_WARN_STRICT_PROTOTYPES = YES;
				CLANG_WARN_SUSPICIOUS_MOVE = YES;
				CLANG_WARN_UNGUARDED_AVAILABILITY = YES_AGGRESSIVE;
				CLANG_WARN_UNREACHABLE_CODE = YES;
				CLANG_WARN__DUPLICATE_METHOD_MATCH = YES;
				COPY_PHASE_STRIP = NO;
				DEBUG_INFORMATION_FORMAT = dwarf;
				ENABLE_STRICT_OBJC_MSGSEND = YES;
				ENABLE_TESTABILITY = YES;
				GCC_C_LANGUAGE_STANDARD = gnu11;
				GCC_DYNAMIC_NO_PIC = NO;
				GCC_NO_COMMON_BLOCKS = YES;
				GCC_OPTIMIZATION_LEVEL = 0;
				GCC_PREPROCESSOR_DEFINITIONS = (
					"DEBUG=1",
					"$(inherited)",
				);
				GCC_WARN_64_TO_32_BIT_CONVERSION = YES;
				GCC_WARN_ABOUT_RETURN_TYPE = YES_ERROR;
				GCC_WARN_UNDECLARED_SELECTOR = YES;
				GCC_WARN_UNINITIALIZED_AUTOS = YES_AGGRESSIVE;
				GCC_WARN_UNUSED_FUNCTION = YES;
				GCC_WARN_UNUSED_VARIABLE = YES;
				IPHONEOS_DEPLOYMENT_TARGET = 15.2;
				MTL_ENABLE_DEBUG_INFO = INCLUDE_SOURCE;
				MTL_FAST_MATH = YES;
				ONLY_ACTIVE_ARCH = YES;
				SDKROOT = iphoneos;
				SWIFT_ACTIVE_COMPILATION_CONDITIONS = DEBUG;
				SWIFT_OPTIMIZATION_LEVEL = "-Onone";
			};
			name = Debug;
		};
		C4F347AF27F826E20041B57B /* Release */ = {
			isa = XCBuildConfiguration;
			buildSettings = {
				ALWAYS_SEARCH_USER_PATHS = NO;
				CLANG_ANALYZER_NONNULL = YES;
				CLANG_ANALYZER_NUMBER_OBJECT_CONVERSION = YES_AGGRESSIVE;
				CLANG_CXX_LANGUAGE_STANDARD = "gnu++17";
				CLANG_CXX_LIBRARY = "libc++";
				CLANG_ENABLE_MODULES = YES;
				CLANG_ENABLE_OBJC_ARC = YES;
				CLANG_ENABLE_OBJC_WEAK = YES;
				CLANG_WARN_BLOCK_CAPTURE_AUTORELEASING = YES;
				CLANG_WARN_BOOL_CONVERSION = YES;
				CLANG_WARN_COMMA = YES;
				CLANG_WARN_CONSTANT_CONVERSION = YES;
				CLANG_WARN_DEPRECATED_OBJC_IMPLEMENTATIONS = YES;
				CLANG_WARN_DIRECT_OBJC_ISA_USAGE = YES_ERROR;
				CLANG_WARN_DOCUMENTATION_COMMENTS = YES;
				CLANG_WARN_EMPTY_BODY = YES;
				CLANG_WARN_ENUM_CONVERSION = YES;
				CLANG_WARN_INFINITE_RECURSION = YES;
				CLANG_WARN_INT_CONVERSION = YES;
				CLANG_WARN_NON_LITERAL_NULL_CONVERSION = YES;
				CLANG_WARN_OBJC_IMPLICIT_RETAIN_SELF = YES;
				CLANG_WARN_OBJC_LITERAL_CONVERSION = YES;
				CLANG_WARN_OBJC_ROOT_CLASS = YES_ERROR;
				CLANG_WARN_QUOTED_INCLUDE_IN_FRAMEWORK_HEADER = YES;
				CLANG_WARN_RANGE_LOOP_ANALYSIS = YES;
				CLANG_WARN_STRICT_PROTOTYPES = YES;
				CLANG_WARN_SUSPICIOUS_MOVE = YES;
				CLANG_WARN_UNGUARDED_AVAILABILITY = YES_AGGRESSIVE;
				CLANG_WARN_UNREACHABLE_CODE = YES;
				CLANG_WARN__DUPLICATE_METHOD_MATCH = YES;
				COPY_PHASE_STRIP = NO;
				DEBUG_INFORMATION_FORMAT = "dwarf-with-dsym";
				ENABLE_NS_ASSERTIONS = NO;
				ENABLE_STRICT_OBJC_MSGSEND = YES;
				GCC_C_LANGUAGE_STANDARD = gnu11;
				GCC_NO_COMMON_BLOCKS = YES;
				GCC_WARN_64_TO_32_BIT_CONVERSION = YES;
				GCC_WARN_ABOUT_RETURN_TYPE = YES_ERROR;
				GCC_WARN_UNDECLARED_SELECTOR = YES;
				GCC_WARN_UNINITIALIZED_AUTOS = YES_AGGRESSIVE;
				GCC_WARN_UNUSED_FUNCTION = YES;
				GCC_WARN_UNUSED_VARIABLE = YES;
				IPHONEOS_DEPLOYMENT_TARGET = 15.2;
				MTL_ENABLE_DEBUG_INFO = NO;
				MTL_FAST_MATH = YES;
				SDKROOT = iphoneos;
				SWIFT_COMPILATION_MODE = wholemodule;
				SWIFT_OPTIMIZATION_LEVEL = "-O";
				VALIDATE_PRODUCT = YES;
			};
			name = Release;
		};
		C4F347B127F826E20041B57B /* Debug */ = {
			isa = XCBuildConfiguration;
			buildSettings = {
				ASSETCATALOG_COMPILER_APPICON_NAME = AppIcon;
				ASSETCATALOG_COMPILER_GLOBAL_ACCENT_COLOR_NAME = AccentColor;
				CODE_SIGN_STYLE = Automatic;
				CURRENT_PROJECT_VERSION = 1;
				DEVELOPMENT_TEAM = WKC2U8KBT4;
				GENERATE_INFOPLIST_FILE = YES;
				INFOPLIST_FILE = Netflix/Info.plist;
				INFOPLIST_KEY_UIApplicationSupportsIndirectInputEvents = YES;
				INFOPLIST_KEY_UILaunchStoryboardName = LaunchScreen;
				INFOPLIST_KEY_UIMainStoryboardFile = "";
				INFOPLIST_KEY_UISupportedInterfaceOrientations_iPad = "UIInterfaceOrientationPortrait UIInterfaceOrientationPortraitUpsideDown UIInterfaceOrientationLandscapeLeft UIInterfaceOrientationLandscapeRight";
				INFOPLIST_KEY_UISupportedInterfaceOrientations_iPhone = "UIInterfaceOrientationPortrait UIInterfaceOrientationLandscapeLeft UIInterfaceOrientationLandscapeRight";
				LD_RUNPATH_SEARCH_PATHS = (
					"$(inherited)",
					"@executable_path/Frameworks",
				);
				MARKETING_VERSION = 1.0;
				PRODUCT_BUNDLE_IDENTIFIER = com.rmznabb.Netflix;
				PRODUCT_NAME = "$(TARGET_NAME)";
				SWIFT_EMIT_LOC_STRINGS = YES;
				SWIFT_VERSION = 5.0;
				TARGETED_DEVICE_FAMILY = "1,2";
			};
			name = Debug;
		};
		C4F347B227F826E20041B57B /* Release */ = {
			isa = XCBuildConfiguration;
			buildSettings = {
				ASSETCATALOG_COMPILER_APPICON_NAME = AppIcon;
				ASSETCATALOG_COMPILER_GLOBAL_ACCENT_COLOR_NAME = AccentColor;
				CODE_SIGN_STYLE = Automatic;
				CURRENT_PROJECT_VERSION = 1;
				DEVELOPMENT_TEAM = WKC2U8KBT4;
				GENERATE_INFOPLIST_FILE = YES;
				INFOPLIST_FILE = Netflix/Info.plist;
				INFOPLIST_KEY_UIApplicationSupportsIndirectInputEvents = YES;
				INFOPLIST_KEY_UILaunchStoryboardName = LaunchScreen;
				INFOPLIST_KEY_UIMainStoryboardFile = "";
				INFOPLIST_KEY_UISupportedInterfaceOrientations_iPad = "UIInterfaceOrientationPortrait UIInterfaceOrientationPortraitUpsideDown UIInterfaceOrientationLandscapeLeft UIInterfaceOrientationLandscapeRight";
				INFOPLIST_KEY_UISupportedInterfaceOrientations_iPhone = "UIInterfaceOrientationPortrait UIInterfaceOrientationLandscapeLeft UIInterfaceOrientationLandscapeRight";
				LD_RUNPATH_SEARCH_PATHS = (
					"$(inherited)",
					"@executable_path/Frameworks",
				);
				MARKETING_VERSION = 1.0;
				PRODUCT_BUNDLE_IDENTIFIER = com.rmznabb.Netflix;
				PRODUCT_NAME = "$(TARGET_NAME)";
				SWIFT_EMIT_LOC_STRINGS = YES;
				SWIFT_VERSION = 5.0;
				TARGETED_DEVICE_FAMILY = "1,2";
			};
			name = Release;
		};
/* End XCBuildConfiguration section */

/* Begin XCConfigurationList section */
		C4F3479727F826E00041B57B /* Build configuration list for PBXProject "Netflix" */ = {
			isa = XCConfigurationList;
			buildConfigurations = (
				C4F347AE27F826E20041B57B /* Debug */,
				C4F347AF27F826E20041B57B /* Release */,
			);
			defaultConfigurationIsVisible = 0;
			defaultConfigurationName = Release;
		};
		C4F347B027F826E20041B57B /* Build configuration list for PBXNativeTarget "Netflix" */ = {
			isa = XCConfigurationList;
			buildConfigurations = (
				C4F347B127F826E20041B57B /* Debug */,
				C4F347B227F826E20041B57B /* Release */,
			);
			defaultConfigurationIsVisible = 0;
			defaultConfigurationName = Release;
		};
/* End XCConfigurationList section */

/* Begin XCRemoteSwiftPackageReference section */
		C48F54BE2802151600AF9CAD /* XCRemoteSwiftPackageReference "SDWebImage" */ = {
			isa = XCRemoteSwiftPackageReference;
			repositoryURL = "https://github.com/SDWebImage/SDWebImage.git";
			requirement = {
				kind = upToNextMajorVersion;
				minimumVersion = 5.0.0;
			};
		};
/* End XCRemoteSwiftPackageReference section */

/* Begin XCSwiftPackageProductDependency section */
		C48F54BF2802151600AF9CAD /* SDWebImage */ = {
			isa = XCSwiftPackageProductDependency;
			package = C48F54BE2802151600AF9CAD /* XCRemoteSwiftPackageReference "SDWebImage" */;
			productName = SDWebImage;
		};
		C48F54C12802151600AF9CAD /* SDWebImageMapKit */ = {
			isa = XCSwiftPackageProductDependency;
			package = C48F54BE2802151600AF9CAD /* XCRemoteSwiftPackageReference "SDWebImage" */;
			productName = SDWebImageMapKit;
		};
/* End XCSwiftPackageProductDependency section */
	};
	rootObject = C4F3479427F826E00041B57B /* Project object */;
}
